// !$*UTF8*$!
{
	archiveVersion = 1;
	classes = {
	};
	objectVersion = 48;
	objects = {

/* Begin PBXBuildFile section */
		DE14D6161FA8180D005DC03F /* FHHFPSIndicator.m in Sources */ = {isa = PBXBuildFile; fileRef = DE14D6131FA8180D005DC03F /* FHHFPSIndicator.m */; };
		DE14D6171FA8180D005DC03F /* UIWindow+FHH.m in Sources */ = {isa = PBXBuildFile; fileRef = DE14D6151FA8180D005DC03F /* UIWindow+FHH.m */; };
		DE14D6261FA8372F005DC03F /* XZTestManager.m in Sources */ = {isa = PBXBuildFile; fileRef = DE14D61B1FA8372F005DC03F /* XZTestManager.m */; };
		DE14D6271FA8372F005DC03F /* XZTestModel.m in Sources */ = {isa = PBXBuildFile; fileRef = DE14D61E1FA8372F005DC03F /* XZTestModel.m */; };
		DE14D6281FA8372F005DC03F /* XZTestCell.m in Sources */ = {isa = PBXBuildFile; fileRef = DE14D6211FA8372F005DC03F /* XZTestCell.m */; };
		DE14D6291FA8372F005DC03F /* XZTestCell.xib in Resources */ = {isa = PBXBuildFile; fileRef = DE14D6221FA8372F005DC03F /* XZTestCell.xib */; };
		DE14D62A1FA8372F005DC03F /* XZTestVC.m in Sources */ = {isa = PBXBuildFile; fileRef = DE14D6241FA8372F005DC03F /* XZTestVC.m */; };
		DE14D62B1FA8372F005DC03F /* XZTestVC.xib in Resources */ = {isa = PBXBuildFile; fileRef = DE14D6251FA8372F005DC03F /* XZTestVC.xib */; };
		DE6D59B51FB00DC900B27731 /* XZCustomViewManager.m in Sources */ = {isa = PBXBuildFile; fileRef = DE6D59B21FB00DC800B27731 /* XZCustomViewManager.m */; };
		DE6D59B61FB00DC900B27731 /* XZCustomWindowManager.m in Sources */ = {isa = PBXBuildFile; fileRef = DE6D59B41FB00DC800B27731 /* XZCustomWindowManager.m */; };
		DE6D59BD1FB00E1500B27731 /* XZCusomViewModel.m in Sources */ = {isa = PBXBuildFile; fileRef = DE6D59BB1FB00E1500B27731 /* XZCusomViewModel.m */; };
		DE6D59BE1FB00E1500B27731 /* XZPickerViewModel.m in Sources */ = {isa = PBXBuildFile; fileRef = DE6D59BC1FB00E1500B27731 /* XZPickerViewModel.m */; };
		DE6D59D21FB00E9B00B27731 /* XZBorderButton.m in Sources */ = {isa = PBXBuildFile; fileRef = DE6D59C41FB00E9A00B27731 /* XZBorderButton.m */; };
		DE6D59D31FB00E9B00B27731 /* UIScreen+Extension.m in Sources */ = {isa = PBXBuildFile; fileRef = DE6D59C51FB00E9A00B27731 /* UIScreen+Extension.m */; };
		DE6D59D41FB00E9B00B27731 /* UIDevice+Extension.m in Sources */ = {isa = PBXBuildFile; fileRef = DE6D59C81FB00E9A00B27731 /* UIDevice+Extension.m */; };
		DE6D59D51FB00E9B00B27731 /* XZTool.m in Sources */ = {isa = PBXBuildFile; fileRef = DE6D59CB1FB00E9A00B27731 /* XZTool.m */; };
		DE6D59D61FB00E9B00B27731 /* UIImage+Extension.m in Sources */ = {isa = PBXBuildFile; fileRef = DE6D59CF1FB00E9A00B27731 /* UIImage+Extension.m */; };
		DE6D59D71FB00E9B00B27731 /* XZConst.m in Sources */ = {isa = PBXBuildFile; fileRef = DE6D59D11FB00E9A00B27731 /* XZConst.m */; };
		DE6D59DF1FB00EF600B27731 /* XZCustomActionSheetView.m in Sources */ = {isa = PBXBuildFile; fileRef = DE6D59D91FB00EF500B27731 /* XZCustomActionSheetView.m */; };
		DE6D59E01FB00EF600B27731 /* XZCustomAlertView.m in Sources */ = {isa = PBXBuildFile; fileRef = DE6D59DA1FB00EF600B27731 /* XZCustomAlertView.m */; };
		DE6D59E11FB00EF600B27731 /* XZCustomWaitingView.m in Sources */ = {isa = PBXBuildFile; fileRef = DE6D59DD1FB00EF600B27731 /* XZCustomWaitingView.m */; };
		DEF348E31FA09719003AD5FA /* AppDelegate.m in Sources */ = {isa = PBXBuildFile; fileRef = DEF348E21FA09719003AD5FA /* AppDelegate.m */; };
		DEF348EB1FA09719003AD5FA /* Assets.xcassets in Resources */ = {isa = PBXBuildFile; fileRef = DEF348EA1FA09719003AD5FA /* Assets.xcassets */; };
		DEF348F11FA09719003AD5FA /* main.m in Sources */ = {isa = PBXBuildFile; fileRef = DEF348F01FA09719003AD5FA /* main.m */; };
		DEF348FB1FA09719003AD5FA /* XZCustomViewTests.m in Sources */ = {isa = PBXBuildFile; fileRef = DEF348FA1FA09719003AD5FA /* XZCustomViewTests.m */; };
		DEF349061FA09719003AD5FA /* XZCustomViewUITests.m in Sources */ = {isa = PBXBuildFile; fileRef = DEF349051FA09719003AD5FA /* XZCustomViewUITests.m */; };
/* End PBXBuildFile section */

/* Begin PBXContainerItemProxy section */
		DEF348F71FA09719003AD5FA /* PBXContainerItemProxy */ = {
			isa = PBXContainerItemProxy;
			containerPortal = DEF348D61FA09719003AD5FA /* Project object */;
			proxyType = 1;
			remoteGlobalIDString = DEF348DD1FA09719003AD5FA;
			remoteInfo = XZCustomView;
		};
		DEF349021FA09719003AD5FA /* PBXContainerItemProxy */ = {
			isa = PBXContainerItemProxy;
			containerPortal = DEF348D61FA09719003AD5FA /* Project object */;
			proxyType = 1;
			remoteGlobalIDString = DEF348DD1FA09719003AD5FA;
			remoteInfo = XZCustomView;
		};
/* End PBXContainerItemProxy section */

/* Begin PBXFileReference section */
		DE14D60F1FA815DF005DC03F /* XZHeader.h */ = {isa = PBXFileReference; fileEncoding = 4; lastKnownFileType = sourcecode.c.h; path = XZHeader.h; sourceTree = "<group>"; };
		DE14D6121FA8180D005DC03F /* FHHFPSIndicator.h */ = {isa = PBXFileReference; fileEncoding = 4; lastKnownFileType = sourcecode.c.h; path = FHHFPSIndicator.h; sourceTree = "<group>"; };
		DE14D6131FA8180D005DC03F /* FHHFPSIndicator.m */ = {isa = PBXFileReference; fileEncoding = 4; lastKnownFileType = sourcecode.c.objc; path = FHHFPSIndicator.m; sourceTree = "<group>"; };
		DE14D6141FA8180D005DC03F /* UIWindow+FHH.h */ = {isa = PBXFileReference; fileEncoding = 4; lastKnownFileType = sourcecode.c.h; path = "UIWindow+FHH.h"; sourceTree = "<group>"; };
		DE14D6151FA8180D005DC03F /* UIWindow+FHH.m */ = {isa = PBXFileReference; fileEncoding = 4; lastKnownFileType = sourcecode.c.objc; path = "UIWindow+FHH.m"; sourceTree = "<group>"; };
		DE14D61A1FA8372F005DC03F /* XZTestManager.h */ = {isa = PBXFileReference; fileEncoding = 4; lastKnownFileType = sourcecode.c.h; path = XZTestManager.h; sourceTree = "<group>"; };
		DE14D61B1FA8372F005DC03F /* XZTestManager.m */ = {isa = PBXFileReference; fileEncoding = 4; lastKnownFileType = sourcecode.c.objc; path = XZTestManager.m; sourceTree = "<group>"; };
		DE14D61D1FA8372F005DC03F /* XZTestModel.h */ = {isa = PBXFileReference; fileEncoding = 4; lastKnownFileType = sourcecode.c.h; path = XZTestModel.h; sourceTree = "<group>"; };
		DE14D61E1FA8372F005DC03F /* XZTestModel.m */ = {isa = PBXFileReference; fileEncoding = 4; lastKnownFileType = sourcecode.c.objc; path = XZTestModel.m; sourceTree = "<group>"; };
		DE14D6201FA8372F005DC03F /* XZTestCell.h */ = {isa = PBXFileReference; fileEncoding = 4; lastKnownFileType = sourcecode.c.h; path = XZTestCell.h; sourceTree = "<group>"; };
		DE14D6211FA8372F005DC03F /* XZTestCell.m */ = {isa = PBXFileReference; fileEncoding = 4; lastKnownFileType = sourcecode.c.objc; path = XZTestCell.m; sourceTree = "<group>"; };
		DE14D6221FA8372F005DC03F /* XZTestCell.xib */ = {isa = PBXFileReference; fileEncoding = 4; lastKnownFileType = file.xib; path = XZTestCell.xib; sourceTree = "<group>"; };
		DE14D6231FA8372F005DC03F /* XZTestVC.h */ = {isa = PBXFileReference; fileEncoding = 4; lastKnownFileType = sourcecode.c.h; path = XZTestVC.h; sourceTree = "<group>"; };
		DE14D6241FA8372F005DC03F /* XZTestVC.m */ = {isa = PBXFileReference; fileEncoding = 4; lastKnownFileType = sourcecode.c.objc; path = XZTestVC.m; sourceTree = "<group>"; };
		DE14D6251FA8372F005DC03F /* XZTestVC.xib */ = {isa = PBXFileReference; fileEncoding = 4; lastKnownFileType = file.xib; path = XZTestVC.xib; sourceTree = "<group>"; };
		DE14D6301FA84C38005DC03F /* XZTestEnum.h */ = {isa = PBXFileReference; lastKnownFileType = sourcecode.c.h; path = XZTestEnum.h; sourceTree = "<group>"; };
		DE6D59B11FB00DC800B27731 /* XZCustomViewManager.h */ = {isa = PBXFileReference; fileEncoding = 4; lastKnownFileType = sourcecode.c.h; path = XZCustomViewManager.h; sourceTree = "<group>"; };
		DE6D59B21FB00DC800B27731 /* XZCustomViewManager.m */ = {isa = PBXFileReference; fileEncoding = 4; lastKnownFileType = sourcecode.c.objc; path = XZCustomViewManager.m; sourceTree = "<group>"; };
		DE6D59B31FB00DC800B27731 /* XZCustomWindowManager.h */ = {isa = PBXFileReference; fileEncoding = 4; lastKnownFileType = sourcecode.c.h; path = XZCustomWindowManager.h; sourceTree = "<group>"; };
		DE6D59B41FB00DC800B27731 /* XZCustomWindowManager.m */ = {isa = PBXFileReference; fileEncoding = 4; lastKnownFileType = sourcecode.c.objc; path = XZCustomWindowManager.m; sourceTree = "<group>"; };
		DE6D59B91FB00E1500B27731 /* XZCusomViewModel.h */ = {isa = PBXFileReference; fileEncoding = 4; lastKnownFileType = sourcecode.c.h; path = XZCusomViewModel.h; sourceTree = "<group>"; };
		DE6D59BA1FB00E1500B27731 /* XZPickerViewModel.h */ = {isa = PBXFileReference; fileEncoding = 4; lastKnownFileType = sourcecode.c.h; path = XZPickerViewModel.h; sourceTree = "<group>"; };
		DE6D59BB1FB00E1500B27731 /* XZCusomViewModel.m */ = {isa = PBXFileReference; fileEncoding = 4; lastKnownFileType = sourcecode.c.objc; path = XZCusomViewModel.m; sourceTree = "<group>"; };
		DE6D59BC1FB00E1500B27731 /* XZPickerViewModel.m */ = {isa = PBXFileReference; fileEncoding = 4; lastKnownFileType = sourcecode.c.objc; path = XZPickerViewModel.m; sourceTree = "<group>"; };
		DE6D59C31FB00E9A00B27731 /* UIImage+Extension.h */ = {isa = PBXFileReference; fileEncoding = 4; lastKnownFileType = sourcecode.c.h; path = "UIImage+Extension.h"; sourceTree = "<group>"; };
		DE6D59C41FB00E9A00B27731 /* XZBorderButton.m */ = {isa = PBXFileReference; fileEncoding = 4; lastKnownFileType = sourcecode.c.objc; path = XZBorderButton.m; sourceTree = "<group>"; };
		DE6D59C51FB00E9A00B27731 /* UIScreen+Extension.m */ = {isa = PBXFileReference; fileEncoding = 4; lastKnownFileType = sourcecode.c.objc; path = "UIScreen+Extension.m"; sourceTree = "<group>"; };
		DE6D59C61FB00E9A00B27731 /* XZEnum.h */ = {isa = PBXFileReference; fileEncoding = 4; lastKnownFileType = sourcecode.c.h; path = XZEnum.h; sourceTree = "<group>"; };
		DE6D59C71FB00E9A00B27731 /* UIDevice+Extension.h */ = {isa = PBXFileReference; fileEncoding = 4; lastKnownFileType = sourcecode.c.h; path = "UIDevice+Extension.h"; sourceTree = "<group>"; };
		DE6D59C81FB00E9A00B27731 /* UIDevice+Extension.m */ = {isa = PBXFileReference; fileEncoding = 4; lastKnownFileType = sourcecode.c.objc; path = "UIDevice+Extension.m"; sourceTree = "<group>"; };
		DE6D59C91FB00E9A00B27731 /* Singleton.h */ = {isa = PBXFileReference; fileEncoding = 4; lastKnownFileType = sourcecode.c.h; path = Singleton.h; sourceTree = "<group>"; };
		DE6D59CA1FB00E9A00B27731 /* XZMacro.h */ = {isa = PBXFileReference; fileEncoding = 4; lastKnownFileType = sourcecode.c.h; path = XZMacro.h; sourceTree = "<group>"; };
		DE6D59CB1FB00E9A00B27731 /* XZTool.m */ = {isa = PBXFileReference; fileEncoding = 4; lastKnownFileType = sourcecode.c.objc; path = XZTool.m; sourceTree = "<group>"; };
		DE6D59CC1FB00E9A00B27731 /* XZTool.h */ = {isa = PBXFileReference; fileEncoding = 4; lastKnownFileType = sourcecode.c.h; path = XZTool.h; sourceTree = "<group>"; };
		DE6D59CD1FB00E9A00B27731 /* XZBorderButton.h */ = {isa = PBXFileReference; fileEncoding = 4; lastKnownFileType = sourcecode.c.h; path = XZBorderButton.h; sourceTree = "<group>"; };
		DE6D59CE1FB00E9A00B27731 /* XZConst.h */ = {isa = PBXFileReference; fileEncoding = 4; lastKnownFileType = sourcecode.c.h; path = XZConst.h; sourceTree = "<group>"; };
		DE6D59CF1FB00E9A00B27731 /* UIImage+Extension.m */ = {isa = PBXFileReference; fileEncoding = 4; lastKnownFileType = sourcecode.c.objc; path = "UIImage+Extension.m"; sourceTree = "<group>"; };
		DE6D59D01FB00E9A00B27731 /* UIScreen+Extension.h */ = {isa = PBXFileReference; fileEncoding = 4; lastKnownFileType = sourcecode.c.h; path = "UIScreen+Extension.h"; sourceTree = "<group>"; };
		DE6D59D11FB00E9A00B27731 /* XZConst.m */ = {isa = PBXFileReference; fileEncoding = 4; lastKnownFileType = sourcecode.c.objc; path = XZConst.m; sourceTree = "<group>"; };
		DE6D59D91FB00EF500B27731 /* XZCustomActionSheetView.m */ = {isa = PBXFileReference; fileEncoding = 4; lastKnownFileType = sourcecode.c.objc; path = XZCustomActionSheetView.m; sourceTree = "<group>"; };
		DE6D59DA1FB00EF600B27731 /* XZCustomAlertView.m */ = {isa = PBXFileReference; fileEncoding = 4; lastKnownFileType = sourcecode.c.objc; path = XZCustomAlertView.m; sourceTree = "<group>"; };
		DE6D59DB1FB00EF600B27731 /* XZCustomActionSheetView.h */ = {isa = PBXFileReference; fileEncoding = 4; lastKnownFileType = sourcecode.c.h; path = XZCustomActionSheetView.h; sourceTree = "<group>"; };
		DE6D59DC1FB00EF600B27731 /* XZCustomAlertView.h */ = {isa = PBXFileReference; fileEncoding = 4; lastKnownFileType = sourcecode.c.h; path = XZCustomAlertView.h; sourceTree = "<group>"; };
		DE6D59DD1FB00EF600B27731 /* XZCustomWaitingView.m */ = {isa = PBXFileReference; fileEncoding = 4; lastKnownFileType = sourcecode.c.objc; path = XZCustomWaitingView.m; sourceTree = "<group>"; };
		DE6D59DE1FB00EF600B27731 /* XZCustomWaitingView.h */ = {isa = PBXFileReference; fileEncoding = 4; lastKnownFileType = sourcecode.c.h; path = XZCustomWaitingView.h; sourceTree = "<group>"; };
		DEF348DE1FA09719003AD5FA /* XZCustomView.app */ = {isa = PBXFileReference; explicitFileType = wrapper.application; includeInIndex = 0; path = XZCustomView.app; sourceTree = BUILT_PRODUCTS_DIR; };
		DEF348E11FA09719003AD5FA /* AppDelegate.h */ = {isa = PBXFileReference; lastKnownFileType = sourcecode.c.h; path = AppDelegate.h; sourceTree = "<group>"; };
		DEF348E21FA09719003AD5FA /* AppDelegate.m */ = {isa = PBXFileReference; lastKnownFileType = sourcecode.c.objc; path = AppDelegate.m; sourceTree = "<group>"; };
		DEF348EA1FA09719003AD5FA /* Assets.xcassets */ = {isa = PBXFileReference; lastKnownFileType = folder.assetcatalog; path = Assets.xcassets; sourceTree = "<group>"; };
		DEF348EF1FA09719003AD5FA /* Info.plist */ = {isa = PBXFileReference; lastKnownFileType = text.plist.xml; path = Info.plist; sourceTree = "<group>"; };
		DEF348F01FA09719003AD5FA /* main.m */ = {isa = PBXFileReference; lastKnownFileType = sourcecode.c.objc; path = main.m; sourceTree = "<group>"; };
		DEF348F61FA09719003AD5FA /* XZCustomViewTests.xctest */ = {isa = PBXFileReference; explicitFileType = wrapper.cfbundle; includeInIndex = 0; path = XZCustomViewTests.xctest; sourceTree = BUILT_PRODUCTS_DIR; };
		DEF348FA1FA09719003AD5FA /* XZCustomViewTests.m */ = {isa = PBXFileReference; lastKnownFileType = sourcecode.c.objc; path = XZCustomViewTests.m; sourceTree = "<group>"; };
		DEF348FC1FA09719003AD5FA /* Info.plist */ = {isa = PBXFileReference; lastKnownFileType = text.plist.xml; path = Info.plist; sourceTree = "<group>"; };
		DEF349011FA09719003AD5FA /* XZCustomViewUITests.xctest */ = {isa = PBXFileReference; explicitFileType = wrapper.cfbundle; includeInIndex = 0; path = XZCustomViewUITests.xctest; sourceTree = BUILT_PRODUCTS_DIR; };
		DEF349051FA09719003AD5FA /* XZCustomViewUITests.m */ = {isa = PBXFileReference; lastKnownFileType = sourcecode.c.objc; path = XZCustomViewUITests.m; sourceTree = "<group>"; };
		DEF349071FA09719003AD5FA /* Info.plist */ = {isa = PBXFileReference; lastKnownFileType = text.plist.xml; path = Info.plist; sourceTree = "<group>"; };
/* End PBXFileReference section */

/* Begin PBXFrameworksBuildPhase section */
		DEF348DB1FA09719003AD5FA /* Frameworks */ = {
			isa = PBXFrameworksBuildPhase;
			buildActionMask = 2147483647;
			files = (
			);
			runOnlyForDeploymentPostprocessing = 0;
		};
		DEF348F31FA09719003AD5FA /* Frameworks */ = {
			isa = PBXFrameworksBuildPhase;
			buildActionMask = 2147483647;
			files = (
			);
			runOnlyForDeploymentPostprocessing = 0;
		};
		DEF348FE1FA09719003AD5FA /* Frameworks */ = {
			isa = PBXFrameworksBuildPhase;
			buildActionMask = 2147483647;
			files = (
			);
			runOnlyForDeploymentPostprocessing = 0;
		};
/* End PBXFrameworksBuildPhase section */

/* Begin PBXGroup section */
		DE14D6101FA8180D005DC03F /* Other */ = {
			isa = PBXGroup;
			children = (
				DE14D6111FA8180D005DC03F /* FHHFPSIndicator */,
				DE14D6301FA84C38005DC03F /* XZTestEnum.h */,
			);
			path = Other;
			sourceTree = "<group>";
		};
		DE14D6111FA8180D005DC03F /* FHHFPSIndicator */ = {
			isa = PBXGroup;
			children = (
				DE14D6121FA8180D005DC03F /* FHHFPSIndicator.h */,
				DE14D6131FA8180D005DC03F /* FHHFPSIndicator.m */,
				DE14D6141FA8180D005DC03F /* UIWindow+FHH.h */,
				DE14D6151FA8180D005DC03F /* UIWindow+FHH.m */,
			);
			path = FHHFPSIndicator;
			sourceTree = "<group>";
		};
		DE14D6181FA8372F005DC03F /* MainVC */ = {
			isa = PBXGroup;
			children = (
				DE14D6191FA8372F005DC03F /* Manager */,
				DE14D61C1FA8372F005DC03F /* Model */,
				DE14D61F1FA8372F005DC03F /* View */,
				DE14D6231FA8372F005DC03F /* XZTestVC.h */,
				DE14D6241FA8372F005DC03F /* XZTestVC.m */,
				DE14D6251FA8372F005DC03F /* XZTestVC.xib */,
			);
			path = MainVC;
			sourceTree = "<group>";
		};
		DE14D6191FA8372F005DC03F /* Manager */ = {
			isa = PBXGroup;
			children = (
				DE14D61A1FA8372F005DC03F /* XZTestManager.h */,
				DE14D61B1FA8372F005DC03F /* XZTestManager.m */,
			);
			path = Manager;
			sourceTree = "<group>";
		};
		DE14D61C1FA8372F005DC03F /* Model */ = {
			isa = PBXGroup;
			children = (
				DE14D61D1FA8372F005DC03F /* XZTestModel.h */,
				DE14D61E1FA8372F005DC03F /* XZTestModel.m */,
			);
			path = Model;
			sourceTree = "<group>";
		};
		DE14D61F1FA8372F005DC03F /* View */ = {
			isa = PBXGroup;
			children = (
				DE14D6201FA8372F005DC03F /* XZTestCell.h */,
				DE14D6211FA8372F005DC03F /* XZTestCell.m */,
				DE14D6221FA8372F005DC03F /* XZTestCell.xib */,
			);
			path = View;
			sourceTree = "<group>";
		};
		DE6D59B01FB00DB400B27731 /* Manager */ = {
			isa = PBXGroup;
			children = (
				DE6D59B11FB00DC800B27731 /* XZCustomViewManager.h */,
				DE6D59B21FB00DC800B27731 /* XZCustomViewManager.m */,
				DE6D59B31FB00DC800B27731 /* XZCustomWindowManager.h */,
				DE6D59B41FB00DC800B27731 /* XZCustomWindowManager.m */,
			);
			name = Manager;
			sourceTree = "<group>";
		};
		DE6D59B81FB00DFF00B27731 /* Model */ = {
			isa = PBXGroup;
			children = (
				DE6D59B91FB00E1500B27731 /* XZCusomViewModel.h */,
				DE6D59BB1FB00E1500B27731 /* XZCusomViewModel.m */,
				DE6D59BA1FB00E1500B27731 /* XZPickerViewModel.h */,
				DE6D59BC1FB00E1500B27731 /* XZPickerViewModel.m */,
			);
			name = Model;
			sourceTree = "<group>";
		};
		DE6D59BF1FB00E2900B27731 /* Other */ = {
			isa = PBXGroup;
			children = (
			);
			name = Other;
			sourceTree = "<group>";
		};
		DE6D59C21FB00E6F00B27731 /* Tool */ = {
			isa = PBXGroup;
			children = (
				DE6D59C91FB00E9A00B27731 /* Singleton.h */,
				DE6D59C71FB00E9A00B27731 /* UIDevice+Extension.h */,
				DE6D59C81FB00E9A00B27731 /* UIDevice+Extension.m */,
				DE6D59C31FB00E9A00B27731 /* UIImage+Extension.h */,
				DE6D59CF1FB00E9A00B27731 /* UIImage+Extension.m */,
				DE6D59D01FB00E9A00B27731 /* UIScreen+Extension.h */,
				DE6D59C51FB00E9A00B27731 /* UIScreen+Extension.m */,
				DE6D59CD1FB00E9A00B27731 /* XZBorderButton.h */,
				DE6D59C41FB00E9A00B27731 /* XZBorderButton.m */,
				DE6D59CE1FB00E9A00B27731 /* XZConst.h */,
				DE6D59D11FB00E9A00B27731 /* XZConst.m */,
				DE6D59C61FB00E9A00B27731 /* XZEnum.h */,
				DE6D59CA1FB00E9A00B27731 /* XZMacro.h */,
				DE6D59CC1FB00E9A00B27731 /* XZTool.h */,
				DE6D59CB1FB00E9A00B27731 /* XZTool.m */,
			);
			name = Tool;
			sourceTree = "<group>";
		};
		DE6D59D81FB00EC600B27731 /* View */ = {
			isa = PBXGroup;
			children = (
				DE6D59DB1FB00EF600B27731 /* XZCustomActionSheetView.h */,
				DE6D59D91FB00EF500B27731 /* XZCustomActionSheetView.m */,
				DE6D59DC1FB00EF600B27731 /* XZCustomAlertView.h */,
				DE6D59DA1FB00EF600B27731 /* XZCustomAlertView.m */,
				DE6D59DE1FB00EF600B27731 /* XZCustomWaitingView.h */,
				DE6D59DD1FB00EF600B27731 /* XZCustomWaitingView.m */,
			);
			name = View;
			sourceTree = "<group>";
		};
		DEF348D51FA09719003AD5FA = {
			isa = PBXGroup;
			children = (
				DEF348E01FA09719003AD5FA /* Class */,
				DEF348F91FA09719003AD5FA /* XZCustomViewTests */,
				DEF349041FA09719003AD5FA /* XZCustomViewUITests */,
				DEF348DF1FA09719003AD5FA /* Products */,
			);
			sourceTree = "<group>";
		};
		DEF348DF1FA09719003AD5FA /* Products */ = {
			isa = PBXGroup;
			children = (
				DEF348DE1FA09719003AD5FA /* XZCustomView.app */,
				DEF348F61FA09719003AD5FA /* XZCustomViewTests.xctest */,
				DEF349011FA09719003AD5FA /* XZCustomViewUITests.xctest */,
			);
			name = Products;
			sourceTree = "<group>";
		};
		DEF348E01FA09719003AD5FA /* Class */ = {
			isa = PBXGroup;
			children = (
				DEF349131FA09790003AD5FA /* XZCustomeView */,
				DEF349141FA097BA003AD5FA /* XZCustomeViewDemo */,
				DEF348E11FA09719003AD5FA /* AppDelegate.h */,
				DEF348E21FA09719003AD5FA /* AppDelegate.m */,
				DEF348EA1FA09719003AD5FA /* Assets.xcassets */,
				DEF348EF1FA09719003AD5FA /* Info.plist */,
				DEF348F01FA09719003AD5FA /* main.m */,
			);
			path = Class;
			sourceTree = "<group>";
		};
		DEF348F91FA09719003AD5FA /* XZCustomViewTests */ = {
			isa = PBXGroup;
			children = (
				DEF348FA1FA09719003AD5FA /* XZCustomViewTests.m */,
				DEF348FC1FA09719003AD5FA /* Info.plist */,
			);
			path = XZCustomViewTests;
			sourceTree = "<group>";
		};
		DEF349041FA09719003AD5FA /* XZCustomViewUITests */ = {
			isa = PBXGroup;
			children = (
				DEF349051FA09719003AD5FA /* XZCustomViewUITests.m */,
				DEF349071FA09719003AD5FA /* Info.plist */,
			);
			path = XZCustomViewUITests;
			sourceTree = "<group>";
		};
		DEF349131FA09790003AD5FA /* XZCustomeView */ = {
			isa = PBXGroup;
			children = (
				DE14D60F1FA815DF005DC03F /* XZHeader.h */,
				DE6D59D81FB00EC600B27731 /* View */,
				DE6D59C21FB00E6F00B27731 /* Tool */,
				DE6D59BF1FB00E2900B27731 /* Other */,
				DE6D59B81FB00DFF00B27731 /* Model */,
				DE6D59B01FB00DB400B27731 /* Manager */,
			);
			path = XZCustomeView;
			sourceTree = "<group>";
		};
		DEF349141FA097BA003AD5FA /* XZCustomeViewDemo */ = {
			isa = PBXGroup;
			children = (
				DE14D6181FA8372F005DC03F /* MainVC */,
				DE14D6101FA8180D005DC03F /* Other */,
			);
			path = XZCustomeViewDemo;
			sourceTree = "<group>";
		};
/* End PBXGroup section */

/* Begin PBXNativeTarget section */
		DEF348DD1FA09719003AD5FA /* XZCustomView */ = {
			isa = PBXNativeTarget;
			buildConfigurationList = DEF3490A1FA09719003AD5FA /* Build configuration list for PBXNativeTarget "XZCustomView" */;
			buildPhases = (
				DEF348DA1FA09719003AD5FA /* Sources */,
				DEF348DB1FA09719003AD5FA /* Frameworks */,
				DEF348DC1FA09719003AD5FA /* Resources */,
			);
			buildRules = (
			);
			dependencies = (
			);
			name = XZCustomView;
			productName = XZCustomView;
			productReference = DEF348DE1FA09719003AD5FA /* XZCustomView.app */;
			productType = "com.apple.product-type.application";
		};
		DEF348F51FA09719003AD5FA /* XZCustomViewTests */ = {
			isa = PBXNativeTarget;
			buildConfigurationList = DEF3490D1FA09719003AD5FA /* Build configuration list for PBXNativeTarget "XZCustomViewTests" */;
			buildPhases = (
				DEF348F21FA09719003AD5FA /* Sources */,
				DEF348F31FA09719003AD5FA /* Frameworks */,
				DEF348F41FA09719003AD5FA /* Resources */,
			);
			buildRules = (
			);
			dependencies = (
				DEF348F81FA09719003AD5FA /* PBXTargetDependency */,
			);
			name = XZCustomViewTests;
			productName = XZCustomViewTests;
			productReference = DEF348F61FA09719003AD5FA /* XZCustomViewTests.xctest */;
			productType = "com.apple.product-type.bundle.unit-test";
		};
		DEF349001FA09719003AD5FA /* XZCustomViewUITests */ = {
			isa = PBXNativeTarget;
			buildConfigurationList = DEF349101FA09719003AD5FA /* Build configuration list for PBXNativeTarget "XZCustomViewUITests" */;
			buildPhases = (
				DEF348FD1FA09719003AD5FA /* Sources */,
				DEF348FE1FA09719003AD5FA /* Frameworks */,
				DEF348FF1FA09719003AD5FA /* Resources */,
			);
			buildRules = (
			);
			dependencies = (
				DEF349031FA09719003AD5FA /* PBXTargetDependency */,
			);
			name = XZCustomViewUITests;
			productName = XZCustomViewUITests;
			productReference = DEF349011FA09719003AD5FA /* XZCustomViewUITests.xctest */;
			productType = "com.apple.product-type.bundle.ui-testing";
		};
/* End PBXNativeTarget section */

/* Begin PBXProject section */
		DEF348D61FA09719003AD5FA /* Project object */ = {
			isa = PBXProject;
			attributes = {
				CLASSPREFIX = XZ;
				LastUpgradeCheck = 0900;
				ORGANIZATIONNAME = LWX;
				TargetAttributes = {
					DEF348DD1FA09719003AD5FA = {
						CreatedOnToolsVersion = 9.0.1;
						ProvisioningStyle = Automatic;
					};
					DEF348F51FA09719003AD5FA = {
						CreatedOnToolsVersion = 9.0.1;
						ProvisioningStyle = Automatic;
						TestTargetID = DEF348DD1FA09719003AD5FA;
					};
					DEF349001FA09719003AD5FA = {
						CreatedOnToolsVersion = 9.0.1;
						ProvisioningStyle = Automatic;
						TestTargetID = DEF348DD1FA09719003AD5FA;
					};
				};
			};
			buildConfigurationList = DEF348D91FA09719003AD5FA /* Build configuration list for PBXProject "XZCustomView" */;
			compatibilityVersion = "Xcode 8.0";
			developmentRegion = en;
			hasScannedForEncodings = 0;
			knownRegions = (
				en,
				Base,
			);
			mainGroup = DEF348D51FA09719003AD5FA;
			productRefGroup = DEF348DF1FA09719003AD5FA /* Products */;
			projectDirPath = "";
			projectRoot = "";
			targets = (
				DEF348DD1FA09719003AD5FA /* XZCustomView */,
				DEF348F51FA09719003AD5FA /* XZCustomViewTests */,
				DEF349001FA09719003AD5FA /* XZCustomViewUITests */,
			);
		};
/* End PBXProject section */

/* Begin PBXResourcesBuildPhase section */
		DEF348DC1FA09719003AD5FA /* Resources */ = {
			isa = PBXResourcesBuildPhase;
			buildActionMask = 2147483647;
			files = (
				DE14D62B1FA8372F005DC03F /* XZTestVC.xib in Resources */,
				DEF348EB1FA09719003AD5FA /* Assets.xcassets in Resources */,
				DE14D6291FA8372F005DC03F /* XZTestCell.xib in Resources */,
			);
			runOnlyForDeploymentPostprocessing = 0;
		};
		DEF348F41FA09719003AD5FA /* Resources */ = {
			isa = PBXResourcesBuildPhase;
			buildActionMask = 2147483647;
			files = (
			);
			runOnlyForDeploymentPostprocessing = 0;
		};
		DEF348FF1FA09719003AD5FA /* Resources */ = {
			isa = PBXResourcesBuildPhase;
			buildActionMask = 2147483647;
			files = (
			);
			runOnlyForDeploymentPostprocessing = 0;
		};
/* End PBXResourcesBuildPhase section */

/* Begin PBXSourcesBuildPhase section */
		DEF348DA1FA09719003AD5FA /* Sources */ = {
			isa = PBXSourcesBuildPhase;
			buildActionMask = 2147483647;
			files = (
				DE6D59D71FB00E9B00B27731 /* XZConst.m in Sources */,
				DE6D59B61FB00DC900B27731 /* XZCustomWindowManager.m in Sources */,
				DEF348F11FA09719003AD5FA /* main.m in Sources */,
				DE14D6281FA8372F005DC03F /* XZTestCell.m in Sources */,
				DE14D6261FA8372F005DC03F /* XZTestManager.m in Sources */,
				DE14D6161FA8180D005DC03F /* FHHFPSIndicator.m in Sources */,
				DE6D59BE1FB00E1500B27731 /* XZPickerViewModel.m in Sources */,
				DE6D59DF1FB00EF600B27731 /* XZCustomActionSheetView.m in Sources */,
				DE6D59D41FB00E9B00B27731 /* UIDevice+Extension.m in Sources */,
				DE6D59D31FB00E9B00B27731 /* UIScreen+Extension.m in Sources */,
				DE6D59D21FB00E9B00B27731 /* XZBorderButton.m in Sources */,
				DE14D62A1FA8372F005DC03F /* XZTestVC.m in Sources */,
				DE6D59E11FB00EF600B27731 /* XZCustomWaitingView.m in Sources */,
				DE6D59B51FB00DC900B27731 /* XZCustomViewManager.m in Sources */,
				DEF348E31FA09719003AD5FA /* AppDelegate.m in Sources */,
				DE6D59BD1FB00E1500B27731 /* XZCusomViewModel.m in Sources */,
				DE6D59D61FB00E9B00B27731 /* UIImage+Extension.m in Sources */,
				DE14D6171FA8180D005DC03F /* UIWindow+FHH.m in Sources */,
				DE6D59D51FB00E9B00B27731 /* XZTool.m in Sources */,
				DE6D59E01FB00EF600B27731 /* XZCustomAlertView.m in Sources */,
				DE14D6271FA8372F005DC03F /* XZTestModel.m in Sources */,
			);
			runOnlyForDeploymentPostprocessing = 0;
		};
		DEF348F21FA09719003AD5FA /* Sources */ = {
			isa = PBXSourcesBuildPhase;
			buildActionMask = 2147483647;
			files = (
				DEF348FB1FA09719003AD5FA /* XZCustomViewTests.m in Sources */,
			);
			runOnlyForDeploymentPostprocessing = 0;
		};
		DEF348FD1FA09719003AD5FA /* Sources */ = {
			isa = PBXSourcesBuildPhase;
			buildActionMask = 2147483647;
			files = (
				DEF349061FA09719003AD5FA /* XZCustomViewUITests.m in Sources */,
			);
			runOnlyForDeploymentPostprocessing = 0;
		};
/* End PBXSourcesBuildPhase section */

/* Begin PBXTargetDependency section */
		DEF348F81FA09719003AD5FA /* PBXTargetDependency */ = {
			isa = PBXTargetDependency;
			target = DEF348DD1FA09719003AD5FA /* XZCustomView */;
			targetProxy = DEF348F71FA09719003AD5FA /* PBXContainerItemProxy */;
		};
		DEF349031FA09719003AD5FA /* PBXTargetDependency */ = {
			isa = PBXTargetDependency;
			target = DEF348DD1FA09719003AD5FA /* XZCustomView */;
			targetProxy = DEF349021FA09719003AD5FA /* PBXContainerItemProxy */;
		};
/* End PBXTargetDependency section */

/* Begin XCBuildConfiguration section */
		DEF349081FA09719003AD5FA /* Debug */ = {
			isa = XCBuildConfiguration;
			buildSettings = {
				ALWAYS_SEARCH_USER_PATHS = NO;
				CLANG_ANALYZER_NONNULL = YES;
				CLANG_ANALYZER_NUMBER_OBJECT_CONVERSION = YES_AGGRESSIVE;
				CLANG_CXX_LANGUAGE_STANDARD = "gnu++14";
				CLANG_CXX_LIBRARY = "libc++";
				CLANG_ENABLE_MODULES = YES;
				CLANG_ENABLE_OBJC_ARC = YES;
				CLANG_WARN_BLOCK_CAPTURE_AUTORELEASING = YES;
				CLANG_WARN_BOOL_CONVERSION = YES;
				CLANG_WARN_COMMA = YES;
				CLANG_WARN_CONSTANT_CONVERSION = YES;
				CLANG_WARN_DIRECT_OBJC_ISA_USAGE = YES_ERROR;
				CLANG_WARN_DOCUMENTATION_COMMENTS = YES;
				CLANG_WARN_EMPTY_BODY = YES;
				CLANG_WARN_ENUM_CONVERSION = YES;
				CLANG_WARN_INFINITE_RECURSION = YES;
				CLANG_WARN_INT_CONVERSION = YES;
				CLANG_WARN_NON_LITERAL_NULL_CONVERSION = YES;
				CLANG_WARN_OBJC_LITERAL_CONVERSION = YES;
				CLANG_WARN_OBJC_ROOT_CLASS = YES_ERROR;
				CLANG_WARN_RANGE_LOOP_ANALYSIS = YES;
				CLANG_WARN_STRICT_PROTOTYPES = YES;
				CLANG_WARN_SUSPICIOUS_MOVE = YES;
				CLANG_WARN_UNGUARDED_AVAILABILITY = YES_AGGRESSIVE;
				CLANG_WARN_UNREACHABLE_CODE = YES;
				CLANG_WARN__DUPLICATE_METHOD_MATCH = YES;
				CODE_SIGN_IDENTITY = "iPhone Developer";
				COPY_PHASE_STRIP = NO;
				DEBUG_INFORMATION_FORMAT = dwarf;
				ENABLE_STRICT_OBJC_MSGSEND = YES;
				ENABLE_TESTABILITY = YES;
				GCC_C_LANGUAGE_STANDARD = gnu11;
				GCC_DYNAMIC_NO_PIC = NO;
				GCC_NO_COMMON_BLOCKS = YES;
				GCC_OPTIMIZATION_LEVEL = 0;
				GCC_PRECOMPILE_PREFIX_HEADER = NO;
				GCC_PREPROCESSOR_DEFINITIONS = (
					"DEBUG=1",
					"$(inherited)",
				);
				GCC_WARN_64_TO_32_BIT_CONVERSION = YES;
				GCC_WARN_ABOUT_RETURN_TYPE = YES_ERROR;
				GCC_WARN_UNDECLARED_SELECTOR = YES;
				GCC_WARN_UNINITIALIZED_AUTOS = YES_AGGRESSIVE;
				GCC_WARN_UNUSED_FUNCTION = YES;
				GCC_WARN_UNUSED_VARIABLE = YES;
				IPHONEOS_DEPLOYMENT_TARGET = 8.0;
				MTL_ENABLE_DEBUG_INFO = YES;
				ONLY_ACTIVE_ARCH = YES;
				SDKROOT = iphoneos;
			};
			name = Debug;
		};
		DEF349091FA09719003AD5FA /* Release */ = {
			isa = XCBuildConfiguration;
			buildSettings = {
				ALWAYS_SEARCH_USER_PATHS = NO;
				CLANG_ANALYZER_NONNULL = YES;
				CLANG_ANALYZER_NUMBER_OBJECT_CONVERSION = YES_AGGRESSIVE;
				CLANG_CXX_LANGUAGE_STANDARD = "gnu++14";
				CLANG_CXX_LIBRARY = "libc++";
				CLANG_ENABLE_MODULES = YES;
				CLANG_ENABLE_OBJC_ARC = YES;
				CLANG_WARN_BLOCK_CAPTURE_AUTORELEASING = YES;
				CLANG_WARN_BOOL_CONVERSION = YES;
				CLANG_WARN_COMMA = YES;
				CLANG_WARN_CONSTANT_CONVERSION = YES;
				CLANG_WARN_DIRECT_OBJC_ISA_USAGE = YES_ERROR;
				CLANG_WARN_DOCUMENTATION_COMMENTS = YES;
				CLANG_WARN_EMPTY_BODY = YES;
				CLANG_WARN_ENUM_CONVERSION = YES;
				CLANG_WARN_INFINITE_RECURSION = YES;
				CLANG_WARN_INT_CONVERSION = YES;
				CLANG_WARN_NON_LITERAL_NULL_CONVERSION = YES;
				CLANG_WARN_OBJC_LITERAL_CONVERSION = YES;
				CLANG_WARN_OBJC_ROOT_CLASS = YES_ERROR;
				CLANG_WARN_RANGE_LOOP_ANALYSIS = YES;
				CLANG_WARN_STRICT_PROTOTYPES = YES;
				CLANG_WARN_SUSPICIOUS_MOVE = YES;
				CLANG_WARN_UNGUARDED_AVAILABILITY = YES_AGGRESSIVE;
				CLANG_WARN_UNREACHABLE_CODE = YES;
				CLANG_WARN__DUPLICATE_METHOD_MATCH = YES;
				CODE_SIGN_IDENTITY = "iPhone Developer";
				COPY_PHASE_STRIP = NO;
				DEBUG_INFORMATION_FORMAT = "dwarf-with-dsym";
				ENABLE_NS_ASSERTIONS = NO;
				ENABLE_STRICT_OBJC_MSGSEND = YES;
				GCC_C_LANGUAGE_STANDARD = gnu11;
				GCC_NO_COMMON_BLOCKS = YES;
				GCC_PRECOMPILE_PREFIX_HEADER = NO;
				GCC_WARN_64_TO_32_BIT_CONVERSION = YES;
				GCC_WARN_ABOUT_RETURN_TYPE = YES_ERROR;
				GCC_WARN_UNDECLARED_SELECTOR = YES;
				GCC_WARN_UNINITIALIZED_AUTOS = YES_AGGRESSIVE;
				GCC_WARN_UNUSED_FUNCTION = YES;
				GCC_WARN_UNUSED_VARIABLE = YES;
				IPHONEOS_DEPLOYMENT_TARGET = 8.0;
				MTL_ENABLE_DEBUG_INFO = NO;
				SDKROOT = iphoneos;
				VALIDATE_PRODUCT = YES;
			};
			name = Release;
		};
		DEF3490B1FA09719003AD5FA /* Debug */ = {
			isa = XCBuildConfiguration;
			buildSettings = {
				ASSETCATALOG_COMPILER_APPICON_NAME = AppIcon;
				CODE_SIGN_STYLE = Automatic;
				DEVELOPMENT_TEAM = 4HT3JBC4UE;
				INFOPLIST_FILE = Class/Info.plist;
				IPHONEOS_DEPLOYMENT_TARGET = 8.0;
				LD_RUNPATH_SEARCH_PATHS = "$(inherited) @executable_path/Frameworks";
				PRODUCT_BUNDLE_IDENTIFIER = XiangZi.XZCustomView;
				PRODUCT_NAME = "$(TARGET_NAME)";
				TARGETED_DEVICE_FAMILY = "1,2";
			};
			name = Debug;
		};
		DEF3490C1FA09719003AD5FA /* Release */ = {
			isa = XCBuildConfiguration;
			buildSettings = {
				ASSETCATALOG_COMPILER_APPICON_NAME = AppIcon;
				CODE_SIGN_STYLE = Automatic;
				DEVELOPMENT_TEAM = 4HT3JBC4UE;
				INFOPLIST_FILE = Class/Info.plist;
				IPHONEOS_DEPLOYMENT_TARGET = 8.0;
				LD_RUNPATH_SEARCH_PATHS = "$(inherited) @executable_path/Frameworks";
				PRODUCT_BUNDLE_IDENTIFIER = XiangZi.XZCustomView;
				PRODUCT_NAME = "$(TARGET_NAME)";
				TARGETED_DEVICE_FAMILY = "1,2";
			};
			name = Release;
		};
		DEF3490E1FA09719003AD5FA /* Debug */ = {
			isa = XCBuildConfiguration;
			buildSettings = {
				BUNDLE_LOADER = "$(TEST_HOST)";
				CODE_SIGN_STYLE = Automatic;
				DEVELOPMENT_TEAM = T76SE52533;
				INFOPLIST_FILE = XZCustomViewTests/Info.plist;
				LD_RUNPATH_SEARCH_PATHS = "$(inherited) @executable_path/Frameworks @loader_path/Frameworks";
				PRODUCT_BUNDLE_IDENTIFIER = XiangZi.XZCustomViewTests;
				PRODUCT_NAME = "$(TARGET_NAME)";
				TARGETED_DEVICE_FAMILY = "1,2";
				TEST_HOST = "$(BUILT_PRODUCTS_DIR)/XZCustomView.app/XZCustomView";
			};
			name = Debug;
		};
		DEF3490F1FA09719003AD5FA /* Release */ = {
			isa = XCBuildConfiguration;
			buildSettings = {
				BUNDLE_LOADER = "$(TEST_HOST)";
				CODE_SIGN_STYLE = Automatic;
				DEVELOPMENT_TEAM = T76SE52533;
				INFOPLIST_FILE = XZCustomViewTests/Info.plist;
				LD_RUNPATH_SEARCH_PATHS = "$(inherited) @executable_path/Frameworks @loader_path/Frameworks";
				PRODUCT_BUNDLE_IDENTIFIER = XiangZi.XZCustomViewTests;
				PRODUCT_NAME = "$(TARGET_NAME)";
				TARGETED_DEVICE_FAMILY = "1,2";
				TEST_HOST = "$(BUILT_PRODUCTS_DIR)/XZCustomView.app/XZCustomView";
			};
			name = Release;
		};
		DEF349111FA09719003AD5FA /* Debug */ = {
			isa = XCBuildConfiguration;
			buildSettings = {
				CODE_SIGN_STYLE = Automatic;
				DEVELOPMENT_TEAM = T76SE52533;
				INFOPLIST_FILE = XZCustomViewUITests/Info.plist;
				LD_RUNPATH_SEARCH_PATHS = "$(inherited) @executable_path/Frameworks @loader_path/Frameworks";
				PRODUCT_BUNDLE_IDENTIFIER = XiangZi.XZCustomViewUITests;
				PRODUCT_NAME = "$(TARGET_NAME)";
				TARGETED_DEVICE_FAMILY = "1,2";
				TEST_TARGET_NAME = XZCustomView;
			};
			name = Debug;
		};
		DEF349121FA09719003AD5FA /* Release */ = {
			isa = XCBuildConfiguration;
			buildSettings = {
				CODE_SIGN_STYLE = Automatic;
				DEVELOPMENT_TEAM = T76SE52533;
				INFOPLIST_FILE = XZCustomViewUITests/Info.plist;
				LD_RUNPATH_SEARCH_PATHS = "$(inherited) @executable_path/Frameworks @loader_path/Frameworks";
				PRODUCT_BUNDLE_IDENTIFIER = XiangZi.XZCustomViewUITests;
				PRODUCT_NAME = "$(TARGET_NAME)";
				TARGETED_DEVICE_FAMILY = "1,2";
				TEST_TARGET_NAME = XZCustomView;
			};
			name = Release;
		};
/* End XCBuildConfiguration section */

/* Begin XCConfigurationList section */
		DEF348D91FA09719003AD5FA /* Build configuration list for PBXProject "XZCustomView" */ = {
			isa = XCConfigurationList;
			buildConfigurations = (
				DEF349081FA09719003AD5FA /* Debug */,
				DEF349091FA09719003AD5FA /* Release */,
			);
			defaultConfigurationIsVisible = 0;
			defaultConfigurationName = Release;
		};
		DEF3490A1FA09719003AD5FA /* Build configuration list for PBXNativeTarget "XZCustomView" */ = {
			isa = XCConfigurationList;
			buildConfigurations = (
				DEF3490B1FA09719003AD5FA /* Debug */,
				DEF3490C1FA09719003AD5FA /* Release */,
			);
			defaultConfigurationIsVisible = 0;
			defaultConfigurationName = Release;
		};
		DEF3490D1FA09719003AD5FA /* Build configuration list for PBXNativeTarget "XZCustomViewTests" */ = {
			isa = XCConfigurationList;
			buildConfigurations = (
				DEF3490E1FA09719003AD5FA /* Debug */,
				DEF3490F1FA09719003AD5FA /* Release */,
			);
			defaultConfigurationIsVisible = 0;
			defaultConfigurationName = Release;
		};
		DEF349101FA09719003AD5FA /* Build configuration list for PBXNativeTarget "XZCustomViewUITests" */ = {
			isa = XCConfigurationList;
			buildConfigurations = (
				DEF349111FA09719003AD5FA /* Debug */,
				DEF349121FA09719003AD5FA /* Release */,
			);
			defaultConfigurationIsVisible = 0;
			defaultConfigurationName = Release;
		};
/* End XCConfigurationList section */
	};
	rootObject = DEF348D61FA09719003AD5FA /* Project object */;
}
